
Microsoft Visual Studio Solution File, Format Version 12.00
# Visual Studio Version 17
VisualStudioVersion = 17.6.33829.357
MinimumVisualStudioVersion = 10.0.40219.1
Project("{FAE04EC0-301F-11D3-BF4B-00C04F79EFBC}") = "Checkinput", "Checkinput\Checkinput.csproj", "{36CCF667-FFCF-4082-AEB1-F999828DE47A}"
EndProject
Global
	GlobalSection(SolutionConfigurationPlatforms) = preSolution
		Debug|Any CPU = Debug|Any CPU
		Release|Any CPU = Release|Any CPU
	EndGlobalSection
	GlobalSection(ProjectConfigurationPlatforms) = postSolution
		{36CCF667-FFCF-4082-AEB1-F999828DE47A}.Debug|Any CPU.ActiveCfg = Debug|Any CPU
		{36CCF667-FFCF-4082-AEB1-F999828DE47A}.Debug|Any CPU.Build.0 = Debug|Any CPU
		{36CCF667-FFCF-4082-AEB1-F999828DE47A}.Release|Any CPU.ActiveCfg = Release|Any CPU
		{36CCF667-FFCF-4082-AEB1-F999828DE47A}.Release|Any CPU.Build.0 = Release|Any CPU
	EndGlobalSection
	GlobalSection(SolutionProperties) = preSolution
		HideSolutionNode = FALSE
	EndGlobalSection
	GlobalSection(ExtensibilityGlobals) = postSolution
		SolutionGuid = {5087DB33-43EE-4789-A4D4-DDEA6E402A43}
	EndGlobalSection
EndGlobal
